
Microsoft Visual Studio Solution File, Format Version 12.00
# Visual Studio 15
VisualStudioVersion = 15.0.28307.168
MinimumVisualStudioVersion = 10.0.40219.1
Project("{FAE04EC0-301F-11D3-BF4B-00C04F79EFBC}") = "CustomControlsExample", "CustomControlsExample\CustomControlsExample.csproj", "{8FFBA84B-3534-4FEB-B40B-AA528701BC88}"
EndProject
Project("{FAE04EC0-301F-11D3-BF4B-00C04F79EFBC}") = "CustomControls", "CustomControls\CustomControls.csproj", "{3E116772-21C7-4FE2-8B8C-950D9CA95E49}"
EndProject
Global
	GlobalSection(SolutionConfigurationPlatforms) = preSolution
		Debug|Any CPU = Debug|Any CPU
		Release|Any CPU = Release|Any CPU
	EndGlobalSection
	GlobalSection(ProjectConfigurationPlatforms) = postSolution
		{8FFBA84B-3534-4FEB-B40B-AA528701BC88}.Debug|Any CPU.ActiveCfg = Debug|Any CPU
		{8FFBA84B-3534-4FEB-B40B-AA528701BC88}.Debug|Any CPU.Build.0 = Debug|Any CPU
		{8FFBA84B-3534-4FEB-B40B-AA528701BC88}.Release|Any CPU.ActiveCfg = Release|Any CPU
		{8FFBA84B-3534-4FEB-B40B-AA528701BC88}.Release|Any CPU.Build.0 = Release|Any CPU
		{3E116772-21C7-4FE2-8B8C-950D9CA95E49}.Debug|Any CPU.ActiveCfg = Debug|Any CPU
		{3E116772-21C7-4FE2-8B8C-950D9CA95E49}.Debug|Any CPU.Build.0 = Debug|Any CPU
		{3E116772-21C7-4FE2-8B8C-950D9CA95E49}.Release|Any CPU.ActiveCfg = Release|Any CPU
		{3E116772-21C7-4FE2-8B8C-950D9CA95E49}.Release|Any CPU.Build.0 = Release|Any CPU
	EndGlobalSection
	GlobalSection(SolutionProperties) = preSolution
		HideSolutionNode = FALSE
	EndGlobalSection
	GlobalSection(ExtensibilityGlobals) = postSolution
		SolutionGuid = {2D8C5CED-F846-4F52-89BB-DCFFB556D500}
	EndGlobalSection
EndGlobal
